
Microsoft Visual Studio Solution File, Format Version 12.00
# Visual Studio Version 17
VisualStudioVersion = 17.4.33213.308
MinimumVisualStudioVersion = 10.0.40219.1
Project("{FAE04EC0-301F-11D3-BF4B-00C04F79EFBC}") = "Ejercicio1_3.Android", "Ejercicio1_3.Android\Ejercicio1_3.Android.csproj", "{94A0A54D-721A-44AB-9F89-73C49EC8FFF9}"
EndProject
Project("{FAE04EC0-301F-11D3-BF4B-00C04F79EFBC}") = "Ejercicio1_3", "Ejercicio1_3\Ejercicio1_3.csproj", "{2C409E19-6245-4083-A490-8E6AF38BAC2F}"
EndProject
Global
	GlobalSection(SolutionConfigurationPlatforms) = preSolution
		Debug|Any CPU = Debug|Any CPU
		Release|Any CPU = Release|Any CPU
	EndGlobalSection
	GlobalSection(ProjectConfigurationPlatforms) = postSolution
		{94A0A54D-721A-44AB-9F89-73C49EC8FFF9}.Debug|Any CPU.ActiveCfg = Debug|Any CPU
		{94A0A54D-721A-44AB-9F89-73C49EC8FFF9}.Debug|Any CPU.Build.0 = Debug|Any CPU
		{94A0A54D-721A-44AB-9F89-73C49EC8FFF9}.Debug|Any CPU.Deploy.0 = Debug|Any CPU
		{94A0A54D-721A-44AB-9F89-73C49EC8FFF9}.Release|Any CPU.ActiveCfg = Release|Any CPU
		{94A0A54D-721A-44AB-9F89-73C49EC8FFF9}.Release|Any CPU.Build.0 = Release|Any CPU
		{94A0A54D-721A-44AB-9F89-73C49EC8FFF9}.Release|Any CPU.Deploy.0 = Release|Any CPU
		{2C409E19-6245-4083-A490-8E6AF38BAC2F}.Debug|Any CPU.ActiveCfg = Debug|Any CPU
		{2C409E19-6245-4083-A490-8E6AF38BAC2F}.Debug|Any CPU.Build.0 = Debug|Any CPU
		{2C409E19-6245-4083-A490-8E6AF38BAC2F}.Debug|Any CPU.Deploy.0 = Debug|Any CPU
		{2C409E19-6245-4083-A490-8E6AF38BAC2F}.Release|Any CPU.ActiveCfg = Release|Any CPU
		{2C409E19-6245-4083-A490-8E6AF38BAC2F}.Release|Any CPU.Build.0 = Release|Any CPU
		{2C409E19-6245-4083-A490-8E6AF38BAC2F}.Release|Any CPU.Deploy.0 = Release|Any CPU
	EndGlobalSection
	GlobalSection(SolutionProperties) = preSolution
		HideSolutionNode = FALSE
	EndGlobalSection
	GlobalSection(ExtensibilityGlobals) = postSolution
		SolutionGuid = {64DDF3A6-2CB3-4D8D-B55F-BFF1F7433C3B}
	EndGlobalSection
EndGlobal
